<?xml version="1.0" encoding="utf-8"?>
<Project ToolsVersion="4.0" xmlns="http://schemas.microsoft.com/developer/msbuild/2003">
  <ItemGroup>
    <Filter Include="src">
      <UniqueIdentifier>{d11addc5-089b-4237-a3dd-c21f8f81dcf1}</UniqueIdentifier>
    </Filter>
    <Filter Include="src\containers">
      <UniqueIdentifier>{5c1803de-8266-439f-97f1-31ece30d0f23}</UniqueIdentifier>
    </Filter>
    <Filter Include="src\widgets">
      <UniqueIdentifier>{ea5a7f64-8c0d-4545-89a9-1ea068af3ec0}</UniqueIdentifier>
    </Filter>
    <Filter Include="src\widgets\button">
      <UniqueIdentifier>{e7a53019-4c14-4968-8d55-f772443bd976}</UniqueIdentifier>
    </Filter>
    <Filter Include="src\widgets\check-box">
      <UniqueIdentifier>{b5a055c6-dc38-4af9-992f-2af246ea43d6}</UniqueIdentifier>
    </Filter>
    <Filter Include="src\widgets\color-picker">
      <UniqueIdentifier>{d1b7445a-0397-49db-a949-a425737bda03}</UniqueIdentifier>
    </Filter>
    <Filter Include="src\widgets\combo-box">
      <UniqueIdentifier>{92b46802-6094-4d5f-a9fb-dc3ac14cdfe8}</UniqueIdentifier>
    </Filter>
    <Filter Include="src\widgets\list-box">
      <UniqueIdentifier>{fb34c3e0-ef5c-4255-a000-969f189beba4}</UniqueIdentifier>
    </Filter>
    <Filter Include="src\widgets\scroll-bar">
      <UniqueIdentifier>{8f7feb75-0e43-477f-93e1-14f05dbb8719}</UniqueIdentifier>
    </Filter>
    <Filter Include="src\widgets\selectable">
      <UniqueIdentifier>{36270da3-e6ab-4f4a-b331-78a4a51e4754}</UniqueIdentifier>
    </Filter>
    <Filter Include="src\widgets\slider-bar">
      <UniqueIdentifier>{6305c603-dc64-4cbc-9805-7303164c09d6}</UniqueIdentifier>
    </Filter>
    <Filter Include="src\widgets\text-input">
      <UniqueIdentifier>{5823560d-4097-479c-84cc-96fb4ded8a25}</UniqueIdentifier>
    </Filter>
    <Filter Include="src\containers\columns">
      <UniqueIdentifier>{7fc240a4-c97e-4b5e-a71a-8e028f1ada53}</UniqueIdentifier>
    </Filter>
    <Filter Include="src\containers\group">
      <UniqueIdentifier>{5f0cab17-0585-4006-a2ea-561466b7db38}</UniqueIdentifier>
    </Filter>
    <Filter Include="src\containers\popup">
      <UniqueIdentifier>{4fc339dc-22f6-4b95-ab94-0a84b6d577d3}</UniqueIdentifier>
    </Filter>
    <Filter Include="src\containers\window">
      <UniqueIdentifier>{acba96f8-d002-4cbf-a950-c4f919088be8}</UniqueIdentifier>
    </Filter>
  </ItemGroup>
  <ItemGroup>
    <ClCompile Include="src\containers\columns\columns.cpp">
      <Filter>src\containers\columns</Filter>
    </ClCompile>
    <ClCompile Include="src\containers\group\group.cpp">
      <Filter>src\containers\group</Filter>
    </ClCompile>
    <ClCompile Include="src\containers\popup\popup.cpp">
      <Filter>src\containers\popup</Filter>
    </ClCompile>
    <ClCompile Include="src\containers\window\window.cpp">
      <Filter>src\containers\window</Filter>
    </ClCompile>
    <ClCompile Include="src\containers\container.cpp">
      <Filter>src\containers</Filter>
    </ClCompile>
    <ClCompile Include="src\widgets\button\button.cpp">
      <Filter>src\widgets\button</Filter>
    </ClCompile>
    <ClCompile Include="src\widgets\check-box\check-box.cpp">
      <Filter>src\widgets\check-box</Filter>
    </ClCompile>
    <ClCompile Include="src\widgets\color-picker\color-picker.cpp">
      <Filter>src\widgets\color-picker</Filter>
    </ClCompile>
    <ClCompile Include="src\widgets\combo-box\combo-box.cpp">
      <Filter>src\widgets\combo-box</Filter>
    </ClCompile>
    <ClCompile Include="src\widgets\list-box\list-box.cpp">
      <Filter>src\widgets\list-box</Filter>
    </ClCompile>
    <ClCompile Include="src\widgets\text-input\text-input.cpp">
      <Filter>src\widgets\text-input</Filter>
    </ClCompile>
    <ClCompile Include="src\widgets\slider-bar\slider-bar.cpp">
      <Filter>src\widgets\slider-bar</Filter>
    </ClCompile>
    <ClCompile Include="src\widgets\selectable\selectable.cpp">
      <Filter>src\widgets\selectable</Filter>
    </ClCompile>
    <ClCompile Include="src\widgets\scroll-bar\scroll-bar.cpp">
      <Filter>src\widgets\scroll-bar</Filter>
    </ClCompile>
    <ClCompile Include="src\widgets\widget.cpp">
      <Filter>src\widgets</Filter>
    </ClCompile>
    <ClCompile Include="src\null-gui.cpp">
      <Filter>src</Filter>
    </ClCompile>
  </ItemGroup>
  <ItemGroup>
    <ClInclude Include="src\containers\columns\columns.h">
      <Filter>src\containers\columns</Filter>
    </ClInclude>
    <ClInclude Include="src\containers\group\group.h">
      <Filter>src\containers\group</Filter>
    </ClInclude>
    <ClInclude Include="src\containers\popup\popup.h">
      <Filter>src\containers\popup</Filter>
    </ClInclude>
    <ClInclude Include="src\containers\window\window.h">
      <Filter>src\containers\window</Filter>
    </ClInclude>
    <ClInclude Include="src\containers\container.h">
      <Filter>src\containers</Filter>
    </ClInclude>
    <ClInclude Include="src\widgets\button\button.h">
      <Filter>src\widgets\button</Filter>
    </ClInclude>
    <ClInclude Include="src\widgets\check-box\check-box.h">
      <Filter>src\widgets\check-box</Filter>
    </ClInclude>
    <ClInclude Include="src\widgets\color-picker\color-picker.h">
      <Filter>src\widgets\color-picker</Filter>
    </ClInclude>
    <ClInclude Include="src\widgets\combo-box\combo-box.h">
      <Filter>src\widgets\combo-box</Filter>
    </ClInclude>
    <ClInclude Include="src\widgets\list-box\list-box.h">
      <Filter>src\widgets\list-box</Filter>
    </ClInclude>
    <ClInclude Include="src\widgets\text-input\text-input.h">
      <Filter>src\widgets\text-input</Filter>
    </ClInclude>
    <ClInclude Include="src\widgets\slider-bar\slider-bar.h">
      <Filter>src\widgets\slider-bar</Filter>
    </ClInclude>
    <ClInclude Include="src\widgets\selectable\selectable.h">
      <Filter>src\widgets\selectable</Filter>
    </ClInclude>
    <ClInclude Include="src\widgets\scroll-bar\scroll-bar.h">
      <Filter>src\widgets\scroll-bar</Filter>
    </ClInclude>
    <ClInclude Include="src\widgets\widget.h">
      <Filter>src\widgets</Filter>
    </ClInclude>
    <ClInclude Include="src\null-gui.h">
      <Filter>src</Filter>
    </ClInclude>
  </ItemGroup>
</Project>